
Microsoft Visual Studio Solution File, Format Version 12.00
# Visual Studio Version 16
VisualStudioVersion = 16.0.32002.261
MinimumVisualStudioVersion = 10.0.40219.1
Project("{FAE04EC0-301F-11D3-BF4B-00C04F79EFBC}") = "ServerReservasi-029", "ServerReservasi-029\ServerReservasi-029.csproj", "{096C7452-157A-4721-B100-9A20027D7F15}"
EndProject
Global
	GlobalSection(SolutionConfigurationPlatforms) = preSolution
		Debug|Any CPU = Debug|Any CPU
		Release|Any CPU = Release|Any CPU
	EndGlobalSection
	GlobalSection(ProjectConfigurationPlatforms) = postSolution
		{096C7452-157A-4721-B100-9A20027D7F15}.Debug|Any CPU.ActiveCfg = Debug|Any CPU
		{096C7452-157A-4721-B100-9A20027D7F15}.Debug|Any CPU.Build.0 = Debug|Any CPU
		{096C7452-157A-4721-B100-9A20027D7F15}.Release|Any CPU.ActiveCfg = Release|Any CPU
		{096C7452-157A-4721-B100-9A20027D7F15}.Release|Any CPU.Build.0 = Release|Any CPU
	EndGlobalSection
	GlobalSection(SolutionProperties) = preSolution
		HideSolutionNode = FALSE
	EndGlobalSection
	GlobalSection(ExtensibilityGlobals) = postSolution
		SolutionGuid = {9320F045-A1C3-439C-9C89-371DD2A5B6EB}
	EndGlobalSection
EndGlobal
